github.com/alecthomas/assert/v2 v2.7.0 h1:QtqSACNS3tF7oasA8CU6A6sXZSBDqnm7RfpLl9bZqbE=
github.com/alecthomas/assert/v2 v2.7.0/go.mod h1:Bze95FyfUr7x34QZrjL+XP+0qgp/zg8yS+TtBj1WA3k=
github.com/alecthomas/chroma/v2 v2.14.0 h1:R3+wzpnUArGcQz7fCETQBzO5n9IMNi13iIs46aU4V9E=
github.com/alecthomas/chroma/v2 v2.14.0/go.mod h1:QolEbTfmUHIMVpBqxeDnNBj2uoeI4EbYP4i6n68SG4I=
github.com/alecthomas/repr v0.4.0 h1:GhI2A8MACjfegCPVq9f1FLvIBS+DrQ2KQBFZP1iFzXc=
github.com/alecthomas/repr v0.4.0/go.mod h1:Fr0507jx4eOXV7AlPV6AVZLYrLIuIeSOWtW57eE/O/4=
github.com/axgle/mahonia v0.0.0-20180208002826-3358181d7394 h1:OYA+5W64v3OgClL+IrOD63t4i/RW7RqrAVl9LTZ9UqQ=
github.com/axgle/mahonia v0.0.0-20180208002826-3358181d7394/go.mod h1:Q8n74mJTIgjX4RBBcHnJ05h//6/k6foqmgE45jTQtxg=
github.com/cespare/xxhash/v2 v2.3.0 h1:UL815xU9SqsFlibzuggzjXhog7bL6oX9BbNZnL2UFvs=
github.com/cespare/xxhash/v2 v2.3.0/go.mod h1:VGX0DQ3Q6kWi7AoAeZDth3/j3BFtOZR5XLFGgcrjCOs=
github.com/davecgh/go-spew v1.1.0/go.mod h1:J7Y8YcW2NihsgmVo/mv3lAwl/skON4iLHjSsI+c5H38=
github.com/davecgh/go-spew v1.1.2-0.20180830191138-d8f796af33cc h1:U9qPSI2PIWSS1VwoXQT9A3Wy9MM3WgvqSxFWenqJduM=
github.com/davecgh/go-spew v1.1.2-0.20180830191138-d8f796af33cc/go.mod h1:J7Y8YcW2NihsgmVo/mv3lAwl/skON4iLHjSsI+c5H38=
github.com/dc0d/caseconv v0.5.0 h1:z3Ki2zszD03beetWyNAGa3NOAbnDJk+bX0tvcx9BKjQ=
github.com/dc0d/caseconv v0.5.0/go.mod h1:/CrBBNtMoPTPf0INHrwyyhDrDjAJ9PFE+WuxSJHU0ZE=
github.com/ddkwork/app v0.0.0-20250101095441-640a1707cef9 h1:08PPliiCpLRg5y5JLFDWRsxJytRJZC0O4mpXmTWbi1I=
github.com/ddkwork/app v0.0.0-20250101095441-640a1707cef9/go.mod h1:8wddOF+XgfRFxVBedlQ3UakUgJxdUhw5Sggbxnl7LuY=
github.com/ddkwork/golibrary v0.0.0-20250101093329-d96f6524ebe4 h1:V32GfCpHQp5dZXTKw8K4BhKbtbmaUaP31t5eRpInN/g=
github.com/ddkwork/golibrary v0.0.0-20250101093329-d96f6524ebe4/go.mod h1:fzfhl61kUu+Sn22VCEojlYr9lE8X0SZmbOocICR+0s0=
github.com/ddkwork/toolbox v0.0.0-20241013161004-026a13407120 h1:SuQKYhUQVHem+0sf44HfaAma/bh8bEk47FlymnrM4UY=
github.com/ddkwork/toolbox v0.0.0-20241013161004-026a13407120/go.mod h1:RANTAgV00e+arxiVSAzl2dsoaj2+N2vcBZcfqwO3YfM=
github.com/ddkwork/unison v0.0.0-20241129181601-16579bf63a24 h1:A6P5c5NZdEd2g+M16+uNnvgelfQ4U8ZsJpDNSo3kto0=
github.com/ddkwork/unison v0.0.0-20241129181601-16579bf63a24/go.mod h1:5nJWhvZzjgoMWKQLujutFIy0hFoQUihcRXXeByiy5sw=
github.com/dlclark/regexp2 v1.11.4 h1:rPYF9/LECdNymJufQKmri9gV604RvvABwgOA8un7yAo=
github.com/dlclark/regexp2 v1.11.4/go.mod h1:DHkYz0B9wPfa6wondMfaivmHpzrQ3v9q8cnmRbL6yW8=
github.com/dop251/goja v0.0.0-20240610225006-393f6d42497b h1:fMKDnOAKCGXSZBphY/ilLtu7cmwMnjqE+xJxUkfkpCY=
github.com/dop251/goja v0.0.0-20240610225006-393f6d42497b/go.mod h1:o31y53rb/qiIAONF7w3FHJZRqqP3fzHUr1HqanthByw=
github.com/ebitengine/purego v0.8.0 h1:JbqvnEzRvPpxhCJzJJ2y0RbiZ8nyjccVUrSM3q+GvvE=
github.com/ebitengine/purego v0.8.0/go.mod h1:iIjxzd6CiRiOG0UyXP+V1+jWqUXVjPKLAI0mRfJZTmQ=
github.com/go-quicktest/qt v1.101.0 h1:O1K29Txy5P2OK0dGo59b7b0LR6wKfIhttaAhHUyn7eI=
github.com/go-quicktest/qt v1.101.0/go.mod h1:14Bz/f7NwaXPtdYEgzsx46kqSxVwTbzVZsDC26tQJow=
github.com/go-sourcemap/sourcemap v2.1.4+incompatible h1:a+iTbH5auLKxaNwQFg0B+TCYl6lbukKPc7b5x0n1s6Q=
github.com/go-sourcemap/sourcemap v2.1.4+incompatible/go.mod h1:F8jJfvm2KbVjc5NqelyYJmf/v5J0dwNLS2mL4sNA1Jg=
github.com/google/go-cmp v0.6.0 h1:ofyhxvXcZhMsU5ulbFiLKl/XBFqE1GSq7atu8tAmTRI=
github.com/google/go-cmp v0.6.0/go.mod h1:17dUlkBOakJ0+DkrSSNjCkIjxS6bF9zb3elmeNGIjoY=
github.com/google/pprof v0.0.0-20240625030939-27f56978b8b0 h1:e+8XbKB6IMn8A4OAyZccO4pYfB3s7bt6azNIPE7AnPg=
github.com/google/pprof v0.0.0-20240625030939-27f56978b8b0/go.mod h1:K1liHPHnj73Fdn/EKuT8nrFqBihUSKXoLYU0BuatOYo=
github.com/google/uuid v1.6.0 h1:NIvaJDMOsjHA8n1jAhLSgzrAzy1Hgr+hNrb57e+94F0=
github.com/google/uuid v1.6.0/go.mod h1:TIyPZe4MgqvfeYDBFedMoGGpEw/LqOeaOT+nhxU+yHo=
github.com/gorpher/gowin32 v0.0.11 h1:JTN4cHzjG6w2o3lTasRBTSjRQzWsU+uvv517EAmyyEg=
github.com/gorpher/gowin32 v0.0.11/go.mod h1:NI6b6VhHPJqz2D/0lWCAGCNbm4T9dyXhAjagT+Hye8Y=
github.com/hexops/gotextdiff v1.0.3 h1:gitA9+qJrrTCsiCl7+kh75nPqQt1cx4ZkudSTLoUqJM=
github.com/hexops/gotextdiff v1.0.3/go.mod h1:pSWU5MAI3yDq+fZBTazCSJysOMbxWL1BSow5/V2vxeg=
github.com/kr/pretty v0.3.1 h1:flRD4NNwYAUpkphVc1HcthR4KEIFJ65n8Mw5qdRn3LE=
github.com/kr/pretty v0.3.1/go.mod h1:hoEshYVHaxMs3cyo3Yncou5ZscifuDolrwPKZanG3xk=
github.com/kr/text v0.2.0 h1:5Nx0Ya0ZqY2ygV366QzturHI13Jq95ApcVaJBhpS+AY=
github.com/kr/text v0.2.0/go.mod h1:eLer722TekiGuMkidMxC/pM04lWEeraHUUmBw8l2grE=
github.com/pkg/term v1.2.0-beta.2 h1:L3y/h2jkuBVFdWiJvNfYfKmzcCnILw7mJWm2JQuMppw=
github.com/pkg/term v1.2.0-beta.2/go.mod h1:E25nymQcrSllhX42Ok8MRm1+hyBdHY0dCeiKZ9jpNGw=
github.com/pmezard/go-difflib v1.0.0/go.mod h1:iKH77koFhYxTK1pcRnkKkqfTogsbg7gZNVY4sRDYZ/4=
github.com/pmezard/go-difflib v1.0.1-0.20181226105442-5d4384ee4fb2 h1:Jamvg5psRIccs7FGNTlIRMkT8wgtp5eCXdBlqhYGL6U=
github.com/pmezard/go-difflib v1.0.1-0.20181226105442-5d4384ee4fb2/go.mod h1:iKH77koFhYxTK1pcRnkKkqfTogsbg7gZNVY4sRDYZ/4=
github.com/richardwilkes/json v0.3.0 h1:Rk7tgpaEudc2C+Vg5pt0idJDX8/wXqxBlt3Uz8A/oXY=
github.com/richardwilkes/json v0.3.0/go.mod h1:+7qk1QXSKh+NkY0meiJwK57rPnVRbltG3bYnt40Ak4c=
github.com/rogpeppe/go-internal v1.12.0 h1:exVL4IDcn6na9z1rAb56Vxr+CgyK3nn3O+epU5NdKM8=
github.com/rogpeppe/go-internal v1.12.0/go.mod h1:E+RYuTGaKKdloAfM02xzb0FW3Paa99yedzYV+kq4uf4=
github.com/stretchr/objx v0.1.0/go.mod h1:HFkY916IF+rwdDfMAkV7OtwuqBVzrE8GR6GFx+wExME=
github.com/stretchr/testify v1.7.0/go.mod h1:6Fq8oRcR53rry900zMqJjRRixrwX3KX962/h/Wwjteg=
github.com/stretchr/testify v1.9.0 h1:HtqpIVDClZ4nwg75+f6Lvsy/wHu+3BoSGCbBAcpTsTg=
github.com/stretchr/testify v1.9.0/go.mod h1:r2ic/lqez/lEtzL7wO/rwa5dbSLXVDPFyf8C91i36aY=
github.com/yuin/goldmark v1.7.6 h1:cZgJxVh5mL5cu8KOnwxvFJy5TFB0BHUskZZyq7TYbDg=
github.com/yuin/goldmark v1.7.6/go.mod h1:uzxRWxtg69N339t3louHJ7+O03ezfj6PlliRlaOzY1E=
golang.org/x/crypto v0.31.0 h1:ihbySMvVjLAeSH1IbfcRTkD/iNscyz8rGzjF/E5hV6U=
golang.org/x/crypto v0.31.0/go.mod h1:kDsLvtWBEx7MV9tJOj9bnXsPbxwJQ6csT/x4KIN4Ssk=
golang.org/x/exp v0.0.0-20241009180824-f66d83c29e7c h1:7dEasQXItcW1xKJ2+gg5VOiBnqWrJc+rq0DPKyvvdbY=
golang.org/x/exp v0.0.0-20241009180824-f66d83c29e7c/go.mod h1:NQtJDoLvd6faHhE7m4T/1IY708gDefGGjR/iUW8yQQ8=
golang.org/x/image v0.23.0 h1:HseQ7c2OpPKTPVzNjG5fwJsOTCiiwS4QdsYi5XU6H68=
golang.org/x/image v0.23.0/go.mod h1:wJJBTdLfCCf3tiHa1fNxpZmUI4mmoZvwMCPP0ddoNKY=
golang.org/x/mod v0.22.0 h1:D4nJWe9zXqHOmWqj4VMOJhvzj7bEZg4wEYa759z1pH4=
golang.org/x/mod v0.22.0/go.mod h1:6SkKJ3Xj0I0BrPOZoBy3bdMptDDU9oJrpohJ3eWZ1fY=
golang.org/x/sync v0.10.0 h1:3NQrjDixjgGwUOCaF8w2+VYHv0Ve/vGYSbdkTa98gmQ=
golang.org/x/sync v0.10.0/go.mod h1:Czt+wKu1gCyEFDUtn0jG5QVvpJ6rzVqr5aXyt9drQfk=
golang.org/x/sys v0.0.0-20200909081042-eff7692f9009/go.mod h1:h1NjWce9XRLGQEsW7wpKNCjG9DtNlClVuFLEZdDNbEs=
golang.org/x/sys v0.28.0 h1:Fksou7UEQUWlKvIdsqzJmUmCX3cZuD2+P3XyyzwMhlA=
golang.org/x/sys v0.28.0/go.mod h1:/VUhepiaJMQUp4+oa/7Zr1D23ma6VTLIYjOOTFZPUcA=
golang.org/x/text v0.21.0 h1:zyQAAkrwaneQ066sspRyJaG9VNi/YJ1NfzcGB3hZ/qo=
golang.org/x/text v0.21.0/go.mod h1:4IBbMaMmOPCJ8SecivzSH54+73PCFmPWxNTLm+vZkEQ=
golang.org/x/tools v0.28.0 h1:WuB6qZ4RPCQo5aP3WdKZS7i595EdWqWR8vqJTlwTVK8=
golang.org/x/tools v0.28.0/go.mod h1:dcIOrVd3mfQKTgrDVQHqCPMWy6lnhfhtX3hLXYVLfRw=
gopkg.in/check.v1 v0.0.0-20161208181325-20d25e280405/go.mod h1:Co6ibVJAznAaIkqp8huTwlJQCZ016jof/cbN4VW5Yz0=
gopkg.in/check.v1 v1.0.0-20201130134442-10cb98267c6c h1:Hei/4ADfdWqJk1ZMxUNpqntNwaWcugrBjAiHlqqRiVk=
gopkg.in/check.v1 v1.0.0-20201130134442-10cb98267c6c/go.mod h1:JHkPIbrfpd72SG/EVd6muEfDQjcINNoR0C8j2r3qZ4Q=
gopkg.in/yaml.v2 v2.4.0 h1:D8xgwECY7CYvx+Y2n4sBz93Jn9JRvxdiyyo8CTfuKaY=
gopkg.in/yaml.v2 v2.4.0/go.mod h1:RDklbk79AGWmwhnvt/jBztapEOGDOx6ZbXqjP6csGnQ=
gopkg.in/yaml.v3 v3.0.0-20200313102051-9f266ea9e77c/go.mod h1:K4uyk7z7BCEPqu6E+C64Yfv1cQ7kz7rIZviUmN+EgEM=
gopkg.in/yaml.v3 v3.0.1 h1:fxVm/GzAzEWqLHuvctI91KS9hhNmmWOoWu0XTYJS7CA=
gopkg.in/yaml.v3 v3.0.1/go.mod h1:K4uyk7z7BCEPqu6E+C64Yfv1cQ7kz7rIZviUmN+EgEM=
mvdan.cc/gofumpt v0.7.0 h1:bg91ttqXmi9y2xawvkuMXyvAA/1ZGJqYAEGjXuP0JXU=
mvdan.cc/gofumpt v0.7.0/go.mod h1:txVFJy/Sc/mvaycET54pV8SW8gWxTlUuGHVEcncmNUo=
